
Microsoft Visual Studio Solution File, Format Version 12.00
# Visual Studio Version 17
VisualStudioVersion = 17.13.35913.81 d17.13
MinimumVisualStudioVersion = 10.0.40219.1
Project("{FAE04EC0-301F-11D3-BF4B-00C04F79EFBC}") = "Restaurantes.Application", "Restaurantes.Application\Restaurantes.Application.csproj", "{ADD61A10-6D00-48EF-A58C-688AB585E1AE}"
EndProject
Project("{FAE04EC0-301F-11D3-BF4B-00C04F79EFBC}") = "Restaurantes.Domain", "Restaurantes.Domain\Restaurantes.Domain.csproj", "{9EA73B04-EC3F-480E-8650-D3503041F1B9}"
EndProject
Project("{FAE04EC0-301F-11D3-BF4B-00C04F79EFBC}") = "Restaurantes.Infrastructure", "Restaurantes.Infrastructure\Restaurantes.Infrastructure.csproj", "{E188EC4C-2DCB-4365-9959-1DD3541F1F8C}"
EndProject
Project("{FAE04EC0-301F-11D3-BF4B-00C04F79EFBC}") = "Restaurantes.API", "Restaurantes.API\Restaurantes.API.csproj", "{9F22F1D4-07FB-47E5-BCD5-FCB1B8C30DCD}"
EndProject
Global
	GlobalSection(SolutionConfigurationPlatforms) = preSolution
		Debug|Any CPU = Debug|Any CPU
		Release|Any CPU = Release|Any CPU
	EndGlobalSection
	GlobalSection(ProjectConfigurationPlatforms) = postSolution
		{ADD61A10-6D00-48EF-A58C-688AB585E1AE}.Debug|Any CPU.ActiveCfg = Debug|Any CPU
		{ADD61A10-6D00-48EF-A58C-688AB585E1AE}.Debug|Any CPU.Build.0 = Debug|Any CPU
		{ADD61A10-6D00-48EF-A58C-688AB585E1AE}.Release|Any CPU.ActiveCfg = Release|Any CPU
		{ADD61A10-6D00-48EF-A58C-688AB585E1AE}.Release|Any CPU.Build.0 = Release|Any CPU
		{9EA73B04-EC3F-480E-8650-D3503041F1B9}.Debug|Any CPU.ActiveCfg = Debug|Any CPU
		{9EA73B04-EC3F-480E-8650-D3503041F1B9}.Debug|Any CPU.Build.0 = Debug|Any CPU
		{9EA73B04-EC3F-480E-8650-D3503041F1B9}.Release|Any CPU.ActiveCfg = Release|Any CPU
		{9EA73B04-EC3F-480E-8650-D3503041F1B9}.Release|Any CPU.Build.0 = Release|Any CPU
		{E188EC4C-2DCB-4365-9959-1DD3541F1F8C}.Debug|Any CPU.ActiveCfg = Debug|Any CPU
		{E188EC4C-2DCB-4365-9959-1DD3541F1F8C}.Debug|Any CPU.Build.0 = Debug|Any CPU
		{E188EC4C-2DCB-4365-9959-1DD3541F1F8C}.Release|Any CPU.ActiveCfg = Release|Any CPU
		{E188EC4C-2DCB-4365-9959-1DD3541F1F8C}.Release|Any CPU.Build.0 = Release|Any CPU
		{9F22F1D4-07FB-47E5-BCD5-FCB1B8C30DCD}.Debug|Any CPU.ActiveCfg = Debug|Any CPU
		{9F22F1D4-07FB-47E5-BCD5-FCB1B8C30DCD}.Debug|Any CPU.Build.0 = Debug|Any CPU
		{9F22F1D4-07FB-47E5-BCD5-FCB1B8C30DCD}.Release|Any CPU.ActiveCfg = Release|Any CPU
		{9F22F1D4-07FB-47E5-BCD5-FCB1B8C30DCD}.Release|Any CPU.Build.0 = Release|Any CPU
	EndGlobalSection
	GlobalSection(SolutionProperties) = preSolution
		HideSolutionNode = FALSE
	EndGlobalSection
	GlobalSection(ExtensibilityGlobals) = postSolution
		SolutionGuid = {E4FF2A2C-D91A-488D-8E52-75AE6DBBA274}
	EndGlobalSection
EndGlobal
